{
    "name": "hello-world-bot-with-tab",
    "version": "0.0.1",
    "lockfileVersion": 3,
    "requires": true,
    "packages": {
        "": {
            "name": "hello-world-bot-with-tab",
            "version": "0.0.1",
            "hasInstallScript": true,
            "license": "MIT",
            "engines": {
                "node": "16 || 18"
            }
        }
    }
}
